
Microsoft Visual Studio Solution File, Format Version 12.00
# Visual Studio Version 17
VisualStudioVersion = 17.4.33122.133
MinimumVisualStudioVersion = 10.0.40219.1
Project("{FAE04EC0-301F-11D3-BF4B-00C04F79EFBC}") = "wpf-css-mix-blend-mode", "wpf-css-mix-blend-mode\wpf-css-mix-blend-mode.csproj", "{2273A0D9-8274-4CC1-9FE4-C5CBEF971B39}"
EndProject
Global
	GlobalSection(SolutionConfigurationPlatforms) = preSolution
		Debug|Any CPU = Debug|Any CPU
		Release|Any CPU = Release|Any CPU
	EndGlobalSection
	GlobalSection(ProjectConfigurationPlatforms) = postSolution
		{2273A0D9-8274-4CC1-9FE4-C5CBEF971B39}.Debug|Any CPU.ActiveCfg = Debug|Any CPU
		{2273A0D9-8274-4CC1-9FE4-C5CBEF971B39}.Debug|Any CPU.Build.0 = Debug|Any CPU
		{2273A0D9-8274-4CC1-9FE4-C5CBEF971B39}.Release|Any CPU.ActiveCfg = Release|Any CPU
		{2273A0D9-8274-4CC1-9FE4-C5CBEF971B39}.Release|Any CPU.Build.0 = Release|Any CPU
	EndGlobalSection
	GlobalSection(SolutionProperties) = preSolution
		HideSolutionNode = FALSE
	EndGlobalSection
	GlobalSection(ExtensibilityGlobals) = postSolution
		SolutionGuid = {6B5DF0A7-5093-4188-89B2-76B380C37482}
	EndGlobalSection
EndGlobal
